# THIS IS AN AUTOGENERATED FILE. DO NOT EDIT THIS FILE DIRECTLY.
# yarn lockfile v1


swiper@^11.1.4:
  version "11.1.4"
  resolved "https://registry.yarnpkg.com/swiper/-/swiper-11.1.4.tgz#2f8e303e8bf9e5bc40a3885fc637ae60ff27996c"
  integrity sha512-1n7kbYJB2dFEpUHRFszq7gys/ofIBrMNibwTiMvPHwneKND/t9kImnHt6CfGPScMHgI+dWMbGTycCKGMoOO1KA==
